<?xml version="1.0" encoding="utf-8"?>
<Project ToolsVersion="4.0" xmlns="http://schemas.microsoft.com/developer/msbuild/2003">
  <ItemGroup>
    <Filter Include="Standard">
      <UniqueIdentifier>{03f8666b-4af7-4ebc-894f-b377d4c31990}</UniqueIdentifier>
    </Filter>
    <Filter Include="Standard\Windows">
      <UniqueIdentifier>{8cd4ed6f-51da-4ab3-b869-dfc30fd48422}</UniqueIdentifier>
    </Filter>
    <Filter Include="Windows">
      <UniqueIdentifier>{67DA6AB6-F800-4c08-8B7A-83BB121AAD01}</UniqueIdentifier>
      <Extensions>rc;ico;cur;bmp;dlg;rc2;rct;bin;rgs;gif;jpg;jpeg;jpe;resx;tiff;tif;png;wav;mfcribbon-ms</Extensions>
    </Filter>
    <Filter Include="Standard\Debug">
      <UniqueIdentifier>{ace2950c-68ad-4e05-9e24-34f33c288729}</UniqueIdentifier>
    </Filter>
    <Filter Include="Sony">
      <UniqueIdentifier>{06d67bcf-2eda-4cb2-b1d2-27505af50c2d}</UniqueIdentifier>
    </Filter>
    <Filter Include="Standard\DX9">
      <UniqueIdentifier>{c1761d5c-6ae8-4d79-bc20-c07ef511c194}</UniqueIdentifier>
    </Filter>
    <Filter Include="Source">
      <UniqueIdentifier>{e827c992-ebc2-4aa7-bec4-f6b614491433}</UniqueIdentifier>
    </Filter>
    <Filter Include="SDK">
      <UniqueIdentifier>{274f27ef-6b56-4b4b-a673-32ee2b7d7ff5}</UniqueIdentifier>
    </Filter>
    <Filter Include="SDK\zlib">
      <UniqueIdentifier>{53b65cf9-f7b2-497f-adf5-a8b0d177d19b}</UniqueIdentifier>
    </Filter>
    <Filter Include="SDK\imgui">
      <UniqueIdentifier>{9d8e390a-886c-4499-9385-92be596f0bbc}</UniqueIdentifier>
    </Filter>
    <Filter Include="SDK\imgui\backends">
      <UniqueIdentifier>{77c55aae-2142-4190-b2bc-c28e2cf6865a}</UniqueIdentifier>
    </Filter>
    <Filter Include="SDK\imgui\misc">
      <UniqueIdentifier>{9e56711b-89e0-4970-8bde-97b0615e7fe9}</UniqueIdentifier>
    </Filter>
    <Filter Include="SDK\libpng">
      <UniqueIdentifier>{1eac0912-e668-4367-943a-a5486bcd1e13}</UniqueIdentifier>
    </Filter>
    <Filter Include="BioHazard">
      <UniqueIdentifier>{ad03461e-a70d-4bea-8891-84d01b7a8cbd}</UniqueIdentifier>
    </Filter>
    <Filter Include="BioHazard\Bio1">
      <UniqueIdentifier>{d2d5f2c1-209d-46ea-a148-bee004b9851f}</UniqueIdentifier>
    </Filter>
    <Filter Include="BioHazard\Bio1.5">
      <UniqueIdentifier>{45152898-189d-4259-b82f-63d079d315cb}</UniqueIdentifier>
    </Filter>
    <Filter Include="BioHazard\Bio2">
      <UniqueIdentifier>{ceeded70-d8bf-476a-b531-54457984f59c}</UniqueIdentifier>
    </Filter>
    <Filter Include="BioHazard\Bio3">
      <UniqueIdentifier>{42b91bbb-a4f8-43ef-a80e-06af53a41a0e}</UniqueIdentifier>
    </Filter>
    <Filter Include="BioHazard\CDX">
      <UniqueIdentifier>{f4e8885c-9f2b-4afd-97d9-8df5191469cc}</UniqueIdentifier>
    </Filter>
    <Filter Include="BioHazard\Common">
      <UniqueIdentifier>{17a6fb20-4878-4c1b-a10c-5b9ed028bfbe}</UniqueIdentifier>
    </Filter>
    <Filter Include="BioHazard\Bio1\CLUT">
      <UniqueIdentifier>{90728b6f-48d2-4607-b1ce-70e9a8f13f48}</UniqueIdentifier>
    </Filter>
    <Filter Include="BioHazard\Bio1\PAK">
      <UniqueIdentifier>{64932adb-e92b-409f-9606-ef6921e4c839}</UniqueIdentifier>
    </Filter>
    <Filter Include="BioHazard\Bio2\ADT">
      <UniqueIdentifier>{e6c4a3e3-fa99-4c9b-ab04-1dcf6ef98130}</UniqueIdentifier>
    </Filter>
    <Filter Include="BioHazard\Bio2\BGM">
      <UniqueIdentifier>{ccb88951-59aa-4fd0-9829-1a5dec93a4c5}</UniqueIdentifier>
    </Filter>
    <Filter Include="BioHazard\Bio2\BLK">
      <UniqueIdentifier>{35191e3d-aeeb-42b8-9cad-20c5a6c41638}</UniqueIdentifier>
    </Filter>
    <Filter Include="BioHazard\Bio2\CLUT">
      <UniqueIdentifier>{f832b520-a4af-4eb1-b30b-b3d8d95e3594}</UniqueIdentifier>
    </Filter>
    <Filter Include="BioHazard\Bio2\CPT">
      <UniqueIdentifier>{10164912-ec1e-4903-9c4d-d0d5966ebdf4}</UniqueIdentifier>
    </Filter>
    <Filter Include="BioHazard\Bio2\DIE">
      <UniqueIdentifier>{4868e566-8094-41ed-b961-52eb2dd2b34c}</UniqueIdentifier>
    </Filter>
    <Filter Include="BioHazard\Bio2\EDT">
      <UniqueIdentifier>{92f2e079-bf6a-4dde-a16b-676626ea56c9}</UniqueIdentifier>
    </Filter>
    <Filter Include="BioHazard\Bio2\EMS">
      <UniqueIdentifier>{7860e0b4-8497-46f0-af83-9d5a8fda5ef0}</UniqueIdentifier>
    </Filter>
    <Filter Include="BioHazard\Bio2\ESP">
      <UniqueIdentifier>{57428950-a339-4471-b3e5-be17c92f2020}</UniqueIdentifier>
    </Filter>
    <Filter Include="BioHazard\Bio2\FLR">
      <UniqueIdentifier>{c8a32070-d015-47d9-ab42-df2f4bb02aa1}</UniqueIdentifier>
    </Filter>
    <Filter Include="BioHazard\Bio2\LIT">
      <UniqueIdentifier>{2c59ed3d-3d53-4779-95d9-999fa9ed9a29}</UniqueIdentifier>
    </Filter>
    <Filter Include="BioHazard\Bio2\MD1">
      <UniqueIdentifier>{70d48133-ffb4-4bcf-9bd0-04c6ae9140b7}</UniqueIdentifier>
    </Filter>
    <Filter Include="BioHazard\Bio2\MSG">
      <UniqueIdentifier>{f367dc91-543a-4fe0-85c5-9d11e7d1aa57}</UniqueIdentifier>
    </Filter>
    <Filter Include="BioHazard\Bio2\PDEMO">
      <UniqueIdentifier>{f51b18e1-ee8b-4c26-9383-705da958221c}</UniqueIdentifier>
    </Filter>
    <Filter Include="BioHazard\Bio2\PRI">
      <UniqueIdentifier>{b325d204-5a9c-4744-97d7-06c34fd6c6a8}</UniqueIdentifier>
    </Filter>
    <Filter Include="BioHazard\Bio2\RDT">
      <UniqueIdentifier>{cd8c991a-73b8-418e-8882-898aa67a7e93}</UniqueIdentifier>
    </Filter>
    <Filter Include="BioHazard\Bio2\RID">
      <UniqueIdentifier>{545b5fd6-9de0-4bec-b8f5-396351d8defd}</UniqueIdentifier>
    </Filter>
    <Filter Include="BioHazard\Bio2\RVD">
      <UniqueIdentifier>{07656d3a-9b9e-4049-a47d-259c2856995d}</UniqueIdentifier>
    </Filter>
    <Filter Include="BioHazard\Bio2\SCA">
      <UniqueIdentifier>{6bb41234-eaca-4a69-9108-f4296f11e397}</UniqueIdentifier>
    </Filter>
    <Filter Include="BioHazard\Bio2\SCD">
      <UniqueIdentifier>{c67ca216-d6c6-4968-ab90-3521a91de937}</UniqueIdentifier>
    </Filter>
    <Filter Include="BioHazard\Bio2\SLD">
      <UniqueIdentifier>{fd45fd02-3c73-42a6-b3a2-8ce23dcefb16}</UniqueIdentifier>
    </Filter>
    <Filter Include="BioHazard\Bio3\BGM">
      <UniqueIdentifier>{3884b554-cfe6-4e79-802e-23feb456a761}</UniqueIdentifier>
    </Filter>
    <Filter Include="BioHazard\Bio3\MD2">
      <UniqueIdentifier>{fd30918c-8a36-4945-832b-6d9423c0a8ff}</UniqueIdentifier>
    </Filter>
    <Filter Include="BioHazard\Bio3\SLD">
      <UniqueIdentifier>{fd6740f1-b0de-467d-8f16-225bbecd0c7d}</UniqueIdentifier>
    </Filter>
    <Filter Include="BioHazard\Bio1.5\CLUT">
      <UniqueIdentifier>{562c72f1-6ca4-4702-9f96-077e405337b0}</UniqueIdentifier>
    </Filter>
    <Filter Include="BioHazard\Disk">
      <UniqueIdentifier>{1783463b-574e-4749-adfa-643a61f81dad}</UniqueIdentifier>
    </Filter>
    <Filter Include="Sony\GTE">
      <UniqueIdentifier>{7c5d4c72-79e7-4da1-baa0-4f7a4e7e2269}</UniqueIdentifier>
    </Filter>
    <Filter Include="Sony\PSYQ">
      <UniqueIdentifier>{3cb309fe-96c7-40aa-b673-5fb64836b6a6}</UniqueIdentifier>
    </Filter>
    <Filter Include="Standard\Geometry">
      <UniqueIdentifier>{f72089ac-724c-471e-bf37-fa72d004d61d}</UniqueIdentifier>
    </Filter>
  </ItemGroup>
  <ItemGroup>
    <ClCompile Include="..\..\mstd-lib\std_basic_fstream.cpp">
      <Filter>Standard</Filter>
    </ClCompile>
    <ClCompile Include="..\..\mstd-lib\std_crc32.cpp">
      <Filter>Standard</Filter>
    </ClCompile>
    <ClCompile Include="..\..\mstd-lib\std_exception.cpp">
      <Filter>Standard</Filter>
    </ClCompile>
    <ClCompile Include="..\..\mstd-lib\std_filesystem.cpp">
      <Filter>Standard</Filter>
    </ClCompile>
    <ClCompile Include="..\..\mstd-lib\std_image.cpp">
      <Filter>Standard</Filter>
    </ClCompile>
    <ClCompile Include="..\..\mstd-lib\std_string.cpp">
      <Filter>Standard</Filter>
    </ClCompile>
    <ClCompile Include="..\..\mstd-lib\Windows\std_common.cpp">
      <Filter>Standard\Windows</Filter>
    </ClCompile>
    <ClCompile Include="..\..\mstd-lib\Windows\std_device.cpp">
      <Filter>Standard\Windows</Filter>
    </ClCompile>
    <ClCompile Include="..\..\mstd-lib\Windows\std_display_enum.cpp">
      <Filter>Standard\Windows</Filter>
    </ClCompile>
    <ClCompile Include="..\..\mstd-lib\Windows\std_window.cpp">
      <Filter>Standard\Windows</Filter>
    </ClCompile>
    <ClCompile Include="..\..\mstd-lib\Windows\std_window_message.cpp">
      <Filter>Standard\Windows</Filter>
    </ClCompile>
    <ClCompile Include="..\..\mstd-lib\Windows\std_window_settings.cpp">
      <Filter>Standard\Windows</Filter>
    </ClCompile>
    <ClCompile Include="..\..\mstd-lib\std_debug.cpp">
      <Filter>Standard\Debug</Filter>
    </ClCompile>
    <ClCompile Include="..\..\sony-lib\sony_bitstream.cpp">
      <Filter>Sony</Filter>
    </ClCompile>
    <ClCompile Include="..\..\mstd-lib\DX9\std_dx9.cpp">
      <Filter>Standard\DX9</Filter>
    </ClCompile>
    <ClCompile Include="..\..\mstd-lib\DX9\std_dx9_pixel_passthrough.cpp">
      <Filter>Standard\DX9</Filter>
    </ClCompile>
    <ClCompile Include="..\..\mstd-lib\DX9\std_dx9_playstation_dither.cpp">
      <Filter>Standard\DX9</Filter>
    </ClCompile>
    <ClCompile Include="..\..\mstd-lib\DX9\std_dx9_vert_shader.cpp">
      <Filter>Standard\DX9</Filter>
    </ClCompile>
    <ClCompile Include="..\..\mstd-lib\std_thread_pool.cpp">
      <Filter>Standard</Filter>
    </ClCompile>
    <ClCompile Include="..\..\sdk\imgui\imgui.cpp">
      <Filter>SDK\imgui</Filter>
    </ClCompile>
    <ClCompile Include="..\..\sdk\imgui\imgui_demo.cpp">
      <Filter>SDK\imgui</Filter>
    </ClCompile>
    <ClCompile Include="..\..\sdk\imgui\imgui_draw.cpp">
      <Filter>SDK\imgui</Filter>
    </ClCompile>
    <ClCompile Include="..\..\sdk\imgui\imgui_tables.cpp">
      <Filter>SDK\imgui</Filter>
    </ClCompile>
    <ClCompile Include="..\..\sdk\imgui\imgui_widgets.cpp">
      <Filter>SDK\imgui</Filter>
    </ClCompile>
    <ClCompile Include="..\..\sdk\imgui\backends\imgui_impl_win32.cpp">
      <Filter>SDK\imgui\backends</Filter>
    </ClCompile>
    <ClCompile Include="..\..\sdk\imgui\backends\imgui_impl_dx9.cpp">
      <Filter>SDK\imgui\backends</Filter>
    </ClCompile>
    <ClCompile Include="..\..\sdk\imgui\misc\cpp\imgui_stdlib.cpp">
      <Filter>SDK\imgui\misc</Filter>
    </ClCompile>
    <ClCompile Include="Source\app.cpp">
      <Filter>Source</Filter>
    </ClCompile>
    <ClCompile Include="Source\main.cpp">
      <Filter>Source</Filter>
    </ClCompile>
    <ClCompile Include="Source\app_imgui.cpp">
      <Filter>Source</Filter>
    </ClCompile>
    <ClCompile Include="Source\app_file.cpp">
      <Filter>Source</Filter>
    </ClCompile>
    <ClCompile Include="Source\app_config.cpp">
      <Filter>Source</Filter>
    </ClCompile>
    <ClCompile Include="..\..\mstd-lib\std_text.cpp">
      <Filter>Standard</Filter>
    </ClCompile>
    <ClCompile Include="Source\app_settings.cpp">
      <Filter>Source</Filter>
    </ClCompile>
    <ClCompile Include="..\..\sony-lib\sony_texture.cpp">
      <Filter>Sony</Filter>
    </ClCompile>
    <ClCompile Include="..\..\sdk\libpng\pngwrite.c">
      <Filter>SDK\libpng</Filter>
    </ClCompile>
    <ClCompile Include="..\..\sdk\libpng\pngwtran.c">
      <Filter>SDK\libpng</Filter>
    </ClCompile>
    <ClCompile Include="..\..\sdk\libpng\pngwutil.c">
      <Filter>SDK\libpng</Filter>
    </ClCompile>
    <ClCompile Include="..\..\sdk\libpng\png.c">
      <Filter>SDK\libpng</Filter>
    </ClCompile>
    <ClCompile Include="..\..\sdk\libpng\pngerror.c">
      <Filter>SDK\libpng</Filter>
    </ClCompile>
    <ClCompile Include="..\..\sdk\libpng\pngget.c">
      <Filter>SDK\libpng</Filter>
    </ClCompile>
    <ClCompile Include="..\..\sdk\libpng\pngmem.c">
      <Filter>SDK\libpng</Filter>
    </ClCompile>
    <ClCompile Include="..\..\sdk\libpng\pngpread.c">
      <Filter>SDK\libpng</Filter>
    </ClCompile>
    <ClCompile Include="..\..\sdk\libpng\pngread.c">
      <Filter>SDK\libpng</Filter>
    </ClCompile>
    <ClCompile Include="..\..\sdk\libpng\pngrio.c">
      <Filter>SDK\libpng</Filter>
    </ClCompile>
    <ClCompile Include="..\..\sdk\libpng\pngrtran.c">
      <Filter>SDK\libpng</Filter>
    </ClCompile>
    <ClCompile Include="..\..\sdk\libpng\pngset.c">
      <Filter>SDK\libpng</Filter>
    </ClCompile>
    <ClCompile Include="..\..\sdk\libpng\pngtest.c">
      <Filter>SDK\libpng</Filter>
    </ClCompile>
    <ClCompile Include="..\..\sdk\libpng\pngtrans.c">
      <Filter>SDK\libpng</Filter>
    </ClCompile>
    <ClCompile Include="..\..\sdk\libpng\pngwio.c">
      <Filter>SDK\libpng</Filter>
    </ClCompile>
    <ClCompile Include="..\..\sdk\libpng\pngrutil.c">
      <Filter>SDK\libpng</Filter>
    </ClCompile>
    <ClCompile Include="..\..\sdk\zlib\adler32.c">
      <Filter>SDK\zlib</Filter>
    </ClCompile>
    <ClCompile Include="..\..\sdk\zlib\compress.c">
      <Filter>SDK\zlib</Filter>
    </ClCompile>
    <ClCompile Include="..\..\sdk\zlib\crc32.c">
      <Filter>SDK\zlib</Filter>
    </ClCompile>
    <ClCompile Include="..\..\sdk\zlib\deflate.c">
      <Filter>SDK\zlib</Filter>
    </ClCompile>
    <ClCompile Include="..\..\sdk\zlib\gzclose.c">
      <Filter>SDK\zlib</Filter>
    </ClCompile>
    <ClCompile Include="..\..\sdk\zlib\gzlib.c">
      <Filter>SDK\zlib</Filter>
    </ClCompile>
    <ClCompile Include="..\..\sdk\zlib\gzread.c">
      <Filter>SDK\zlib</Filter>
    </ClCompile>
    <ClCompile Include="..\..\sdk\zlib\gzwrite.c">
      <Filter>SDK\zlib</Filter>
    </ClCompile>
    <ClCompile Include="..\..\sdk\zlib\infback.c">
      <Filter>SDK\zlib</Filter>
    </ClCompile>
    <ClCompile Include="..\..\sdk\zlib\inffast.c">
      <Filter>SDK\zlib</Filter>
    </ClCompile>
    <ClCompile Include="..\..\sdk\zlib\inflate.c">
      <Filter>SDK\zlib</Filter>
    </ClCompile>
    <ClCompile Include="..\..\sdk\zlib\inftrees.c">
      <Filter>SDK\zlib</Filter>
    </ClCompile>
    <ClCompile Include="..\..\sdk\zlib\trees.c">
      <Filter>SDK\zlib</Filter>
    </ClCompile>
    <ClCompile Include="..\..\sdk\zlib\uncompr.c">
      <Filter>SDK\zlib</Filter>
    </ClCompile>
    <ClCompile Include="..\..\sdk\zlib\zutil.c">
      <Filter>SDK\zlib</Filter>
    </ClCompile>
    <ClCompile Include="..\..\sony-lib\sony_texture_2.cpp">
      <Filter>Sony</Filter>
    </ClCompile>
    <ClCompile Include="..\..\sony-lib\sony_texture_2_str.cpp">
      <Filter>Sony</Filter>
    </ClCompile>
    <ClCompile Include="..\..\bio-lib\Bio2\bio2.cpp">
      <Filter>BioHazard\Bio2</Filter>
    </ClCompile>
    <ClCompile Include="..\..\bio-lib\Bio2\SLD\bio2_sld.cpp">
      <Filter>BioHazard\Bio2\SLD</Filter>
    </ClCompile>
    <ClCompile Include="..\..\bio-lib\Bio2\SCD\bio2_bytecode.cpp">
      <Filter>BioHazard\Bio2\SCD</Filter>
    </ClCompile>
    <ClCompile Include="..\..\bio-lib\Bio2\SCD\bio2_bytecode_map.cpp">
      <Filter>BioHazard\Bio2\SCD</Filter>
    </ClCompile>
    <ClCompile Include="..\..\bio-lib\Bio2\SCA\bio2_sca.cpp">
      <Filter>BioHazard\Bio2\SCA</Filter>
    </ClCompile>
    <ClCompile Include="..\..\bio-lib\Bio2\RVD\bio2_rvd.cpp">
      <Filter>BioHazard\Bio2\RVD</Filter>
    </ClCompile>
    <ClCompile Include="..\..\bio-lib\Bio2\RID\bio2_rid.cpp">
      <Filter>BioHazard\Bio2\RID</Filter>
    </ClCompile>
    <ClCompile Include="..\..\bio-lib\Bio2\RDT\bio2_rdt.cpp">
      <Filter>BioHazard\Bio2\RDT</Filter>
    </ClCompile>
    <ClCompile Include="..\..\bio-lib\Bio2\PRI\bio2_pri.cpp">
      <Filter>BioHazard\Bio2\PRI</Filter>
    </ClCompile>
    <ClCompile Include="..\..\bio-lib\Bio2\PDEMO\bio2_pdemo.cpp">
      <Filter>BioHazard\Bio2\PDEMO</Filter>
    </ClCompile>
    <ClCompile Include="..\..\bio-lib\Bio2\MSG\bio2_ds_font_space.cpp">
      <Filter>BioHazard\Bio2\MSG</Filter>
    </ClCompile>
    <ClCompile Include="..\..\bio-lib\Bio2\MSG\bio2_msg.cpp">
      <Filter>BioHazard\Bio2\MSG</Filter>
    </ClCompile>
    <ClCompile Include="..\..\bio-lib\Bio2\MD1\bio2_md1.cpp">
      <Filter>BioHazard\Bio2\MD1</Filter>
    </ClCompile>
    <ClCompile Include="..\..\bio-lib\Bio2\LIT\bio2_lit.cpp">
      <Filter>BioHazard\Bio2\LIT</Filter>
    </ClCompile>
    <ClCompile Include="..\..\bio-lib\Bio2\FLR\bio2_flr.cpp">
      <Filter>BioHazard\Bio2\FLR</Filter>
    </ClCompile>
    <ClCompile Include="..\..\bio-lib\Bio2\ESP\bio2_esp.cpp">
      <Filter>BioHazard\Bio2\ESP</Filter>
    </ClCompile>
    <ClCompile Include="..\..\bio-lib\Bio2\EDT\bio2_edt.cpp">
      <Filter>BioHazard\Bio2\EDT</Filter>
    </ClCompile>
    <ClCompile Include="..\..\bio-lib\Bio2\DIE\bio2_die.cpp">
      <Filter>BioHazard\Bio2\DIE</Filter>
    </ClCompile>
    <ClCompile Include="..\..\bio-lib\Bio2\CPT\bio2_cpt.cpp">
      <Filter>BioHazard\Bio2\CPT</Filter>
    </ClCompile>
    <ClCompile Include="..\..\bio-lib\Bio2\CLUT\bio2_ds_st0.cpp">
      <Filter>BioHazard\Bio2\CLUT</Filter>
    </ClCompile>
    <ClCompile Include="..\..\bio-lib\Bio2\CLUT\bio2_ds_cpt.cpp">
      <Filter>BioHazard\Bio2\CLUT</Filter>
    </ClCompile>
    <ClCompile Include="..\..\bio-lib\Bio2\BLK\bio2_blk.cpp">
      <Filter>BioHazard\Bio2\BLK</Filter>
    </ClCompile>
    <ClCompile Include="..\..\bio-lib\Bio2\BGM\bio2_bgm.cpp">
      <Filter>BioHazard\Bio2\BGM</Filter>
    </ClCompile>
    <ClCompile Include="..\..\bio-lib\Bio2\ADT\bio2_adt.cpp">
      <Filter>BioHazard\Bio2\ADT</Filter>
    </ClCompile>
    <ClCompile Include="..\..\bio-lib\Bio3\bio3.cpp">
      <Filter>BioHazard\Bio3</Filter>
    </ClCompile>
    <ClCompile Include="..\..\bio-lib\Bio3\SLD\bio3_sld.cpp">
      <Filter>BioHazard\Bio3\SLD</Filter>
    </ClCompile>
    <ClCompile Include="..\..\bio-lib\Bio3\MD2\bio3_md2.cpp">
      <Filter>BioHazard\Bio3\MD2</Filter>
    </ClCompile>
    <ClCompile Include="..\..\bio-lib\Bio2_Nov96\bio2_nov96.cpp">
      <Filter>BioHazard\Bio1.5</Filter>
    </ClCompile>
    <ClCompile Include="..\..\bio-lib\Bio2_Nov96\CLUT\bio2_nov96_st_00.cpp">
      <Filter>BioHazard\Bio1.5\CLUT</Filter>
    </ClCompile>
    <ClCompile Include="..\..\bio-lib\Bio2_Nov96\CLUT\bio2_nov96_tex.cpp">
      <Filter>BioHazard\Bio1.5\CLUT</Filter>
    </ClCompile>
    <ClCompile Include="..\..\bio-lib\Bio1\bio1.cpp">
      <Filter>BioHazard\Bio1</Filter>
    </ClCompile>
    <ClCompile Include="..\..\bio-lib\Bio1\PAK\bio1_pak.cpp">
      <Filter>BioHazard\Bio1\PAK</Filter>
    </ClCompile>
    <ClCompile Include="..\..\bio-lib\Bio1\CLUT\bio1_dc_font_green.cpp">
      <Filter>BioHazard\Bio1\CLUT</Filter>
    </ClCompile>
    <ClCompile Include="..\..\bio-lib\Bio1\CLUT\bio1_dc_font_grey.cpp">
      <Filter>BioHazard\Bio1\CLUT</Filter>
    </ClCompile>
    <ClCompile Include="..\..\bio-lib\Bio1\CLUT\bio1_dc_font_normal.cpp">
      <Filter>BioHazard\Bio1\CLUT</Filter>
    </ClCompile>
    <ClCompile Include="..\..\bio-lib\Bio1\CLUT\bio1_dc_font_red.cpp">
      <Filter>BioHazard\Bio1\CLUT</Filter>
    </ClCompile>
    <ClCompile Include="..\..\bio-lib\Bio1\CLUT\bio1_status_clut02.cpp">
      <Filter>BioHazard\Bio1\CLUT</Filter>
    </ClCompile>
    <ClCompile Include="..\..\bio-lib\Bio1\CLUT\bio1_trial_font_normal.cpp">
      <Filter>BioHazard\Bio1\CLUT</Filter>
    </ClCompile>
    <ClCompile Include="..\..\bio-lib\CDX\bio_cdx.cpp">
      <Filter>BioHazard\CDX</Filter>
    </ClCompile>
    <ClCompile Include="..\..\bio-lib\CDX\lzo.cpp">
      <Filter>BioHazard\CDX</Filter>
    </ClCompile>
    <ClCompile Include="..\..\bio-lib\Common\bio_camera.cpp">
      <Filter>BioHazard\Common</Filter>
    </ClCompile>
    <ClCompile Include="..\..\bio-lib\Common\bio_common.cpp">
      <Filter>BioHazard\Common</Filter>
    </ClCompile>
    <ClCompile Include="..\..\bio-lib\Disc\bio_disk.cpp">
      <Filter>BioHazard\Disk</Filter>
    </ClCompile>
    <ClCompile Include="..\..\sony-lib\sony_executable.cpp">
      <Filter>Sony</Filter>
    </ClCompile>
    <ClCompile Include="..\..\sony-lib\sony_model.cpp">
      <Filter>Sony</Filter>
    </ClCompile>
    <ClCompile Include="..\..\sony-lib\sony_sequence.cpp">
      <Filter>Sony</Filter>
    </ClCompile>
    <ClCompile Include="..\..\sony-lib\sony_soundbank.cpp">
      <Filter>Sony</Filter>
    </ClCompile>
    <ClCompile Include="..\..\sony-lib\GTE\half_float.cpp">
      <Filter>Sony\GTE</Filter>
    </ClCompile>
    <ClCompile Include="..\..\sony-lib\GTE\lib_gte.cpp">
      <Filter>Sony\GTE</Filter>
    </ClCompile>
    <ClCompile Include="..\..\mstd-lib\Geometry\std_matrix.cpp">
      <Filter>Standard\Geometry</Filter>
    </ClCompile>
    <ClCompile Include="..\..\bio-lib\Common\bio_geometry.cpp">
      <Filter>BioHazard\Common</Filter>
    </ClCompile>
    <ClCompile Include="Source\app_draw.cpp">
      <Filter>Source</Filter>
    </ClCompile>
    <ClCompile Include="..\..\bio-lib\Common\bio_model.cpp">
      <Filter>BioHazard\Common</Filter>
    </ClCompile>
    <ClCompile Include="..\..\bio-lib\Common\bio_animation.cpp">
      <Filter>BioHazard\Common</Filter>
    </ClCompile>
    <ClCompile Include="Source\app_edit_model.cpp">
      <Filter>Source</Filter>
    </ClCompile>
    <ClCompile Include="..\..\mstd-lib\DX9\std_dx9_xyzw_shader.cpp">
      <Filter>Standard\DX9</Filter>
    </ClCompile>
  </ItemGroup>
  <ItemGroup>
    <ClInclude Include="Windows\resource.h">
      <Filter>Windows</Filter>
    </ClInclude>
    <ClInclude Include="..\..\mstd-lib\std_basic_fstream.h">
      <Filter>Standard</Filter>
    </ClInclude>
    <ClInclude Include="..\..\mstd-lib\std_crc32.h">
      <Filter>Standard</Filter>
    </ClInclude>
    <ClInclude Include="..\..\mstd-lib\std_cstyle.h">
      <Filter>Standard</Filter>
    </ClInclude>
    <ClInclude Include="..\..\mstd-lib\std_data_types.h">
      <Filter>Standard</Filter>
    </ClInclude>
    <ClInclude Include="..\..\mstd-lib\std_defines.h">
      <Filter>Standard</Filter>
    </ClInclude>
    <ClInclude Include="..\..\mstd-lib\std_exception.h">
      <Filter>Standard</Filter>
    </ClInclude>
    <ClInclude Include="..\..\mstd-lib\std_filesystem.h">
      <Filter>Standard</Filter>
    </ClInclude>
    <ClInclude Include="..\..\mstd-lib\std_image.h">
      <Filter>Standard</Filter>
    </ClInclude>
    <ClInclude Include="..\..\mstd-lib\std_string.h">
      <Filter>Standard</Filter>
    </ClInclude>
    <ClInclude Include="..\..\mstd-lib\Windows\std_common.h">
      <Filter>Standard\Windows</Filter>
    </ClInclude>
    <ClInclude Include="..\..\mstd-lib\Windows\std_device.h">
      <Filter>Standard\Windows</Filter>
    </ClInclude>
    <ClInclude Include="..\..\mstd-lib\Windows\std_window.h">
      <Filter>Standard\Windows</Filter>
    </ClInclude>
    <ClInclude Include="..\..\mstd-lib\std_debug.h">
      <Filter>Standard\Debug</Filter>
    </ClInclude>
    <ClInclude Include="..\..\sony-lib\sony_texture.h">
      <Filter>Sony</Filter>
    </ClInclude>
    <ClInclude Include="..\..\sony-lib\sony_bitstream.h">
      <Filter>Sony</Filter>
    </ClInclude>
    <ClInclude Include="..\..\sony-lib\sony_bitstream_table.h">
      <Filter>Sony</Filter>
    </ClInclude>
    <ClInclude Include="..\..\mstd-lib\DX9\std_dx9.h">
      <Filter>Standard\DX9</Filter>
    </ClInclude>
    <ClInclude Include="..\..\mstd-lib\std_thread_pool.h">
      <Filter>Standard</Filter>
    </ClInclude>
    <ClInclude Include="..\..\sdk\imgui\imconfig.h">
      <Filter>SDK\imgui</Filter>
    </ClInclude>
    <ClInclude Include="..\..\sdk\imgui\imgui.h">
      <Filter>SDK\imgui</Filter>
    </ClInclude>
    <ClInclude Include="..\..\sdk\imgui\imgui_internal.h">
      <Filter>SDK\imgui</Filter>
    </ClInclude>
    <ClInclude Include="..\..\sdk\imgui\imstb_rectpack.h">
      <Filter>SDK\imgui</Filter>
    </ClInclude>
    <ClInclude Include="..\..\sdk\imgui\imstb_textedit.h">
      <Filter>SDK\imgui</Filter>
    </ClInclude>
    <ClInclude Include="..\..\sdk\imgui\imstb_truetype.h">
      <Filter>SDK\imgui</Filter>
    </ClInclude>
    <ClInclude Include="..\..\sdk\imgui\backends\imgui_impl_win32.h">
      <Filter>SDK\imgui\backends</Filter>
    </ClInclude>
    <ClInclude Include="..\..\sdk\imgui\backends\imgui_impl_dx9.h">
      <Filter>SDK\imgui\backends</Filter>
    </ClInclude>
    <ClInclude Include="..\..\sdk\imgui\misc\cpp\imgui_stdlib.h">
      <Filter>SDK\imgui\misc</Filter>
    </ClInclude>
    <ClInclude Include="Source\app.h">
      <Filter>Source</Filter>
    </ClInclude>
    <ClInclude Include="..\..\mstd-lib\std_text.h">
      <Filter>Standard</Filter>
    </ClInclude>
    <ClInclude Include="..\..\sdk\libpng\png.h">
      <Filter>SDK\libpng</Filter>
    </ClInclude>
    <ClInclude Include="..\..\sdk\libpng\pngconf.h">
      <Filter>SDK\libpng</Filter>
    </ClInclude>
    <ClInclude Include="..\..\sdk\libpng\pngdebug.h">
      <Filter>SDK\libpng</Filter>
    </ClInclude>
    <ClInclude Include="..\..\sdk\libpng\pnginfo.h">
      <Filter>SDK\libpng</Filter>
    </ClInclude>
    <ClInclude Include="..\..\sdk\libpng\pnglibconf.h">
      <Filter>SDK\libpng</Filter>
    </ClInclude>
    <ClInclude Include="..\..\sdk\libpng\pngpriv.h">
      <Filter>SDK\libpng</Filter>
    </ClInclude>
    <ClInclude Include="..\..\sdk\libpng\pngstruct.h">
      <Filter>SDK\libpng</Filter>
    </ClInclude>
    <ClInclude Include="..\..\sdk\zlib\zutil.h">
      <Filter>SDK\zlib</Filter>
    </ClInclude>
    <ClInclude Include="..\..\sdk\zlib\crc32.h">
      <Filter>SDK\zlib</Filter>
    </ClInclude>
    <ClInclude Include="..\..\sdk\zlib\deflate.h">
      <Filter>SDK\zlib</Filter>
    </ClInclude>
    <ClInclude Include="..\..\sdk\zlib\gzguts.h">
      <Filter>SDK\zlib</Filter>
    </ClInclude>
    <ClInclude Include="..\..\sdk\zlib\inffast.h">
      <Filter>SDK\zlib</Filter>
    </ClInclude>
    <ClInclude Include="..\..\sdk\zlib\inffixed.h">
      <Filter>SDK\zlib</Filter>
    </ClInclude>
    <ClInclude Include="..\..\sdk\zlib\inflate.h">
      <Filter>SDK\zlib</Filter>
    </ClInclude>
    <ClInclude Include="..\..\sdk\zlib\inftrees.h">
      <Filter>SDK\zlib</Filter>
    </ClInclude>
    <ClInclude Include="..\..\sdk\zlib\trees.h">
      <Filter>SDK\zlib</Filter>
    </ClInclude>
    <ClInclude Include="..\..\sdk\zlib\zconf.h">
      <Filter>SDK\zlib</Filter>
    </ClInclude>
    <ClInclude Include="..\..\sdk\zlib\zlib.h">
      <Filter>SDK\zlib</Filter>
    </ClInclude>
    <ClInclude Include="..\..\sony-lib\sony_texture_2.h">
      <Filter>Sony</Filter>
    </ClInclude>
    <ClInclude Include="..\..\bio-lib\Bio2\bio2_global.h">
      <Filter>BioHazard\Bio2</Filter>
    </ClInclude>
    <ClInclude Include="..\..\bio-lib\Bio2\bio2.h">
      <Filter>BioHazard\Bio2</Filter>
    </ClInclude>
    <ClInclude Include="..\..\bio-lib\Bio2\SLD\bio2_sld.h">
      <Filter>BioHazard\Bio2\SLD</Filter>
    </ClInclude>
    <ClInclude Include="..\..\bio-lib\Bio2\SCD\bio2_defines.h">
      <Filter>BioHazard\Bio2\SCD</Filter>
    </ClInclude>
    <ClInclude Include="..\..\bio-lib\Bio2\SCD\bio2_bytecode.h">
      <Filter>BioHazard\Bio2\SCD</Filter>
    </ClInclude>
    <ClInclude Include="..\..\bio-lib\Bio2\SCD\bio2_bytecode_map.h">
      <Filter>BioHazard\Bio2\SCD</Filter>
    </ClInclude>
    <ClInclude Include="..\..\bio-lib\Bio2\SCA\bio2_sca.h">
      <Filter>BioHazard\Bio2\SCA</Filter>
    </ClInclude>
    <ClInclude Include="..\..\bio-lib\Bio2\RVD\bio2_rvd.h">
      <Filter>BioHazard\Bio2\RVD</Filter>
    </ClInclude>
    <ClInclude Include="..\..\bio-lib\Bio2\RID\bio2_rid.h">
      <Filter>BioHazard\Bio2\RID</Filter>
    </ClInclude>
    <ClInclude Include="..\..\bio-lib\Bio2\RDT\bio2_rdt_header_trial.h">
      <Filter>BioHazard\Bio2\RDT</Filter>
    </ClInclude>
    <ClInclude Include="..\..\bio-lib\Bio2\RDT\bio2_rdt.h">
      <Filter>BioHazard\Bio2\RDT</Filter>
    </ClInclude>
    <ClInclude Include="..\..\bio-lib\Bio2\RDT\bio2_rdt_header.h">
      <Filter>BioHazard\Bio2\RDT</Filter>
    </ClInclude>
    <ClInclude Include="..\..\bio-lib\Bio2\PRI\bio2_pri.h">
      <Filter>BioHazard\Bio2\PRI</Filter>
    </ClInclude>
    <ClInclude Include="..\..\bio-lib\Bio2\PDEMO\bio2_pdemo.h">
      <Filter>BioHazard\Bio2\PDEMO</Filter>
    </ClInclude>
    <ClInclude Include="..\..\bio-lib\Bio2\MSG\bio2_msg.h">
      <Filter>BioHazard\Bio2\MSG</Filter>
    </ClInclude>
    <ClInclude Include="..\..\bio-lib\Bio2\MD1\bio2_md1.h">
      <Filter>BioHazard\Bio2\MD1</Filter>
    </ClInclude>
    <ClInclude Include="..\..\bio-lib\Bio2\LIT\bio2_lit.h">
      <Filter>BioHazard\Bio2\LIT</Filter>
    </ClInclude>
    <ClInclude Include="..\..\bio-lib\Bio2\FLR\bio2_flr.h">
      <Filter>BioHazard\Bio2\FLR</Filter>
    </ClInclude>
    <ClInclude Include="..\..\bio-lib\Bio2\ESP\bio2_esp.h">
      <Filter>BioHazard\Bio2\ESP</Filter>
    </ClInclude>
    <ClInclude Include="..\..\bio-lib\Bio2\EMS\cdemd_pos.h">
      <Filter>BioHazard\Bio2\EMS</Filter>
    </ClInclude>
    <ClInclude Include="..\..\bio-lib\Bio2\EDT\bio2_edt.h">
      <Filter>BioHazard\Bio2\EDT</Filter>
    </ClInclude>
    <ClInclude Include="..\..\bio-lib\Bio2\DIE\bio2_die.h">
      <Filter>BioHazard\Bio2\DIE</Filter>
    </ClInclude>
    <ClInclude Include="..\..\bio-lib\Bio2\CPT\bio2_cpt.h">
      <Filter>BioHazard\Bio2\CPT</Filter>
    </ClInclude>
    <ClInclude Include="..\..\bio-lib\Bio2\CLUT\bio2_clut.h">
      <Filter>BioHazard\Bio2\CLUT</Filter>
    </ClInclude>
    <ClInclude Include="..\..\bio-lib\Bio2\BLK\bio2_blk.h">
      <Filter>BioHazard\Bio2\BLK</Filter>
    </ClInclude>
    <ClInclude Include="..\..\bio-lib\Bio2\BGM\bio2_bgm.h">
      <Filter>BioHazard\Bio2\BGM</Filter>
    </ClInclude>
    <ClInclude Include="..\..\bio-lib\Bio2\ADT\bio2_adt.h">
      <Filter>BioHazard\Bio2\ADT</Filter>
    </ClInclude>
    <ClInclude Include="..\..\bio-lib\Bio3\bio3.h">
      <Filter>BioHazard\Bio3</Filter>
    </ClInclude>
    <ClInclude Include="..\..\bio-lib\Bio3\SLD\bio3_sld.h">
      <Filter>BioHazard\Bio3\SLD</Filter>
    </ClInclude>
    <ClInclude Include="..\..\bio-lib\Bio3\MD2\bio3_md2.h">
      <Filter>BioHazard\Bio3\MD2</Filter>
    </ClInclude>
    <ClInclude Include="..\..\bio-lib\Bio3\BGM\sound.h">
      <Filter>BioHazard\Bio3\BGM</Filter>
    </ClInclude>
    <ClInclude Include="..\..\bio-lib\Bio2_Nov96\bio2_nov96.h">
      <Filter>BioHazard\Bio1.5</Filter>
    </ClInclude>
    <ClInclude Include="..\..\bio-lib\Bio2_Nov96\CLUT\bio2_nov96_clut.h">
      <Filter>BioHazard\Bio1.5\CLUT</Filter>
    </ClInclude>
    <ClInclude Include="..\..\bio-lib\Bio1\bio1.h">
      <Filter>BioHazard\Bio1</Filter>
    </ClInclude>
    <ClInclude Include="..\..\bio-lib\Bio1\PAK\bio1_pak.h">
      <Filter>BioHazard\Bio1\PAK</Filter>
    </ClInclude>
    <ClInclude Include="..\..\bio-lib\Bio1\CLUT\bio1_clut.h">
      <Filter>BioHazard\Bio1\CLUT</Filter>
    </ClInclude>
    <ClInclude Include="..\..\bio-lib\CDX\bio_cdx.h">
      <Filter>BioHazard\CDX</Filter>
    </ClInclude>
    <ClInclude Include="..\..\bio-lib\CDX\lzo.h">
      <Filter>BioHazard\CDX</Filter>
    </ClInclude>
    <ClInclude Include="..\..\bio-lib\Common\bio_camera.h">
      <Filter>BioHazard\Common</Filter>
    </ClInclude>
    <ClInclude Include="..\..\bio-lib\Common\bio_common.h">
      <Filter>BioHazard\Common</Filter>
    </ClInclude>
    <ClInclude Include="..\..\bio-lib\Disc\bio_disk.h">
      <Filter>BioHazard\Disk</Filter>
    </ClInclude>
    <ClInclude Include="..\..\sony-lib\sony_executable.h">
      <Filter>Sony</Filter>
    </ClInclude>
    <ClInclude Include="..\..\sony-lib\sony_model.h">
      <Filter>Sony</Filter>
    </ClInclude>
    <ClInclude Include="..\..\sony-lib\sony_sequence.h">
      <Filter>Sony</Filter>
    </ClInclude>
    <ClInclude Include="..\..\sony-lib\sony_soundbank.h">
      <Filter>Sony</Filter>
    </ClInclude>
    <ClInclude Include="..\..\sony-lib\sony_soundbank_table.h">
      <Filter>Sony</Filter>
    </ClInclude>
    <ClInclude Include="..\..\sony-lib\GTE\half_float.h">
      <Filter>Sony\GTE</Filter>
    </ClInclude>
    <ClInclude Include="..\..\sony-lib\GTE\lib_gte.h">
      <Filter>Sony\GTE</Filter>
    </ClInclude>
    <ClInclude Include="..\..\sony-lib\GTE\PSYQ\GTEMAC.H">
      <Filter>Sony\PSYQ</Filter>
    </ClInclude>
    <ClInclude Include="..\..\sony-lib\GTE\PSYQ\INLINE_C.H">
      <Filter>Sony\PSYQ</Filter>
    </ClInclude>
    <ClInclude Include="..\..\sony-lib\GTE\PSYQ\LIBGPU.H">
      <Filter>Sony\PSYQ</Filter>
    </ClInclude>
    <ClInclude Include="..\..\sony-lib\GTE\PSYQ\LIBGS.H">
      <Filter>Sony\PSYQ</Filter>
    </ClInclude>
    <ClInclude Include="..\..\sony-lib\GTE\PSYQ\LIBGTE.H">
      <Filter>Sony\PSYQ</Filter>
    </ClInclude>
    <ClInclude Include="..\..\sony-lib\GTE\PSYQ\ratan_tbl.h">
      <Filter>Sony\PSYQ</Filter>
    </ClInclude>
    <ClInclude Include="..\..\sony-lib\GTE\PSYQ\rcossin_tbl.h">
      <Filter>Sony\PSYQ</Filter>
    </ClInclude>
    <ClInclude Include="..\..\sony-lib\GTE\PSYQ\rsin_tbl.h">
      <Filter>Sony\PSYQ</Filter>
    </ClInclude>
    <ClInclude Include="..\..\sony-lib\GTE\PSYQ\sqrt_inv_tbl.h">
      <Filter>Sony\PSYQ</Filter>
    </ClInclude>
    <ClInclude Include="..\..\sony-lib\GTE\PSYQ\sqrt_tbl.h">
      <Filter>Sony\PSYQ</Filter>
    </ClInclude>
    <ClInclude Include="..\..\mstd-lib\Geometry\std_matrix.h">
      <Filter>Standard\Geometry</Filter>
    </ClInclude>
    <ClInclude Include="..\..\mstd-lib\Geometry\vec2.h">
      <Filter>Standard\Geometry</Filter>
    </ClInclude>
    <ClInclude Include="..\..\mstd-lib\Geometry\vec3.h">
      <Filter>Standard\Geometry</Filter>
    </ClInclude>
    <ClInclude Include="..\..\mstd-lib\Geometry\vec4.h">
      <Filter>Standard\Geometry</Filter>
    </ClInclude>
    <ClInclude Include="..\..\mstd-lib\Geometry\std_vertex.h">
      <Filter>Standard\Geometry</Filter>
    </ClInclude>
    <ClInclude Include="..\..\bio-lib\Common\bio_geometry.h">
      <Filter>BioHazard\Common</Filter>
    </ClInclude>
    <ClInclude Include="..\..\bio-lib\Common\bio_model.h">
      <Filter>BioHazard\Common</Filter>
    </ClInclude>
    <ClInclude Include="..\..\bio-lib\Common\bio_animation.h">
      <Filter>BioHazard\Common</Filter>
    </ClInclude>
    <ClInclude Include="..\..\bio-lib\Bio2\RDT\bio2_rdt_header_nov96.h">
      <Filter>BioHazard\Bio2\RDT</Filter>
    </ClInclude>
  </ItemGroup>
  <ItemGroup>
    <Image Include="Windows\icon.ico">
      <Filter>Windows</Filter>
    </Image>
    <Image Include="Windows\small.ico">
      <Filter>Windows</Filter>
    </Image>
  </ItemGroup>
  <ItemGroup>
    <ResourceCompile Include="Windows\resource.rc">
      <Filter>Windows</Filter>
    </ResourceCompile>
  </ItemGroup>
  <ItemGroup>
    <Xml Include="Windows\manifest.xml">
      <Filter>Windows</Filter>
    </Xml>
  </ItemGroup>
  <ItemGroup>
    <None Include="packages.config" />
    <None Include="..\..\sdk\zlib\README">
      <Filter>SDK\zlib</Filter>
    </None>
    <None Include="..\..\sdk\zlib\LICENSE">
      <Filter>SDK\zlib</Filter>
    </None>
    <None Include="..\..\sdk\libpng\LICENSE">
      <Filter>SDK\libpng</Filter>
    </None>
    <None Include="..\..\sdk\libpng\README">
      <Filter>SDK\libpng</Filter>
    </None>
    <None Include="..\..\sony-lib\GTE\PsyCross.license">
      <Filter>Sony\GTE</Filter>
    </None>
  </ItemGroup>
  <ItemGroup>
    <Text Include="..\..\sdk\imgui\LICENSE.txt">
      <Filter>SDK\imgui</Filter>
    </Text>
  </ItemGroup>
</Project>